
Microsoft Visual Studio Solution File, Format Version 12.00
# Visual Studio Version 17
VisualStudioVersion = 17.0.31808.319
MinimumVisualStudioVersion = 10.0.40219.1
Project("{FAE04EC0-301F-11D3-BF4B-00C04F79EFBC}") = "Demmo-WhatsAppService", "Demmo-WhatsAppService\Demmo-WhatsAppService.csproj", "{CDDA9B37-8D89-47DB-A6EE-E6C1B32BB612}"
EndProject
Project("{E53339B2-1760-4266-BCC7-CA923CBCF16C}") = "docker-compose", "docker-compose.dcproj", "{F13101E5-FCCF-4006-8DE3-97102721855A}"
EndProject
Global
	GlobalSection(SolutionConfigurationPlatforms) = preSolution
		Debug|Any CPU = Debug|Any CPU
		Release|Any CPU = Release|Any CPU
	EndGlobalSection
	GlobalSection(ProjectConfigurationPlatforms) = postSolution
		{CDDA9B37-8D89-47DB-A6EE-E6C1B32BB612}.Debug|Any CPU.ActiveCfg = Debug|Any CPU
		{CDDA9B37-8D89-47DB-A6EE-E6C1B32BB612}.Debug|Any CPU.Build.0 = Debug|Any CPU
		{CDDA9B37-8D89-47DB-A6EE-E6C1B32BB612}.Release|Any CPU.ActiveCfg = Release|Any CPU
		{CDDA9B37-8D89-47DB-A6EE-E6C1B32BB612}.Release|Any CPU.Build.0 = Release|Any CPU
		{F13101E5-FCCF-4006-8DE3-97102721855A}.Debug|Any CPU.ActiveCfg = Debug|Any CPU
		{F13101E5-FCCF-4006-8DE3-97102721855A}.Debug|Any CPU.Build.0 = Debug|Any CPU
		{F13101E5-FCCF-4006-8DE3-97102721855A}.Release|Any CPU.ActiveCfg = Release|Any CPU
		{F13101E5-FCCF-4006-8DE3-97102721855A}.Release|Any CPU.Build.0 = Release|Any CPU
	EndGlobalSection
	GlobalSection(SolutionProperties) = preSolution
		HideSolutionNode = FALSE
	EndGlobalSection
	GlobalSection(ExtensibilityGlobals) = postSolution
		SolutionGuid = {4CD0B92A-5008-4BBC-BE45-A5AB9E0DE3D8}
	EndGlobalSection
EndGlobal
